
Microsoft Visual Studio Solution File, Format Version 12.00
# Visual Studio Version 16
VisualStudioVersion = 16.0.29519.87
MinimumVisualStudioVersion = 10.0.40219.1
Project("{FAE04EC0-301F-11D3-BF4B-00C04F79EFBC}") = "todim", "todim\todim.csproj", "{97DB53E8-A680-42C4-881C-F477B7006D6D}"
EndProject
Project("{54435603-DBB4-11D2-8724-00A0C9A8B90C}") = "TODİM Editor", "TODİM Editor\TODİM Editor.vdproj", "{7AD3FFBB-7AA3-4282-84B1-BDB4FABF7A7D}"
EndProject
Global
	GlobalSection(SolutionConfigurationPlatforms) = preSolution
		Debug|Any CPU = Debug|Any CPU
		Debug|x64 = Debug|x64
		Debug|x86 = Debug|x86
		Release|Any CPU = Release|Any CPU
		Release|x64 = Release|x64
		Release|x86 = Release|x86
	EndGlobalSection
	GlobalSection(ProjectConfigurationPlatforms) = postSolution
		{97DB53E8-A680-42C4-881C-F477B7006D6D}.Debug|Any CPU.ActiveCfg = Debug|Any CPU
		{97DB53E8-A680-42C4-881C-F477B7006D6D}.Debug|Any CPU.Build.0 = Debug|Any CPU
		{97DB53E8-A680-42C4-881C-F477B7006D6D}.Debug|x64.ActiveCfg = Debug|x64
		{97DB53E8-A680-42C4-881C-F477B7006D6D}.Debug|x64.Build.0 = Debug|x64
		{97DB53E8-A680-42C4-881C-F477B7006D6D}.Debug|x86.ActiveCfg = Debug|x86
		{97DB53E8-A680-42C4-881C-F477B7006D6D}.Debug|x86.Build.0 = Debug|x86
		{97DB53E8-A680-42C4-881C-F477B7006D6D}.Release|Any CPU.ActiveCfg = Release|Any CPU
		{97DB53E8-A680-42C4-881C-F477B7006D6D}.Release|Any CPU.Build.0 = Release|Any CPU
		{97DB53E8-A680-42C4-881C-F477B7006D6D}.Release|x64.ActiveCfg = Release|x64
		{97DB53E8-A680-42C4-881C-F477B7006D6D}.Release|x64.Build.0 = Release|x64
		{97DB53E8-A680-42C4-881C-F477B7006D6D}.Release|x86.ActiveCfg = Release|x86
		{97DB53E8-A680-42C4-881C-F477B7006D6D}.Release|x86.Build.0 = Release|x86
		{7AD3FFBB-7AA3-4282-84B1-BDB4FABF7A7D}.Debug|Any CPU.ActiveCfg = Debug
		{7AD3FFBB-7AA3-4282-84B1-BDB4FABF7A7D}.Debug|x64.ActiveCfg = Debug
		{7AD3FFBB-7AA3-4282-84B1-BDB4FABF7A7D}.Debug|x86.ActiveCfg = Debug
		{7AD3FFBB-7AA3-4282-84B1-BDB4FABF7A7D}.Release|Any CPU.ActiveCfg = Release
		{7AD3FFBB-7AA3-4282-84B1-BDB4FABF7A7D}.Release|x64.ActiveCfg = Release
		{7AD3FFBB-7AA3-4282-84B1-BDB4FABF7A7D}.Release|x86.ActiveCfg = Release
	EndGlobalSection
	GlobalSection(SolutionProperties) = preSolution
		HideSolutionNode = FALSE
	EndGlobalSection
	GlobalSection(ExtensibilityGlobals) = postSolution
		SolutionGuid = {7FD7F163-DB49-4B3C-92F3-8BC2ACC247CB}
	EndGlobalSection
EndGlobal
